// !$*UTF8*$!
{
	archiveVersion = 1;
	classes = {
	};
	objectVersion = 77;
	objects = {

/* Begin PBXBuildFile section */
		077141FE2DBCFD1A0013FC1A /* README.md in Resources */ = {isa = PBXBuildFile; fileRef = 077141FD2DBCFD120013FC1A /* README.md */; };
		460F8104EB46E980AB1A246A /* Pods_FindAMechanic.framework in Frameworks */ = {isa = PBXBuildFile; fileRef = 19479C18415408DF59E183FD /* Pods_FindAMechanic.framework */; };
		4FD76874D95564FB6FFEFA91 /* Pods_FindAMechanicTests.framework in Frameworks */ = {isa = PBXBuildFile; fileRef = 7AFB5FC122E98921244D45A1 /* Pods_FindAMechanicTests.framework */; };
		A8045BDC6305A24FD54E7320 /* Pods_FindAMechanic_FindAMechanicUITests.framework in Frameworks */ = {isa = PBXBuildFile; fileRef = D7A5E4A7979147D7BCC6EE32 /* Pods_FindAMechanic_FindAMechanicUITests.framework */; };
/* End PBXBuildFile section */

/* Begin PBXContainerItemProxy section */
		077141A32DBBBF950013FC1A /* PBXContainerItemProxy */ = {
			isa = PBXContainerItemProxy;
			containerPortal = 077141842DBBBF920013FC1A /* Project object */;
			proxyType = 1;
			remoteGlobalIDString = 0771418B2DBBBF920013FC1A;
			remoteInfo = "Find a Mechanic";
		};
		077141AD2DBBBF950013FC1A /* PBXContainerItemProxy */ = {
			isa = PBXContainerItemProxy;
			containerPortal = 077141842DBBBF920013FC1A /* Project object */;
			proxyType = 1;
			remoteGlobalIDString = 0771418B2DBBBF920013FC1A;
			remoteInfo = "Find a Mechanic";
		};
/* End PBXContainerItemProxy section */

/* Begin PBXFileReference section */
		0771418C2DBBBF920013FC1A /* FindAMechanic.app */ = {isa = PBXFileReference; explicitFileType = wrapper.application; includeInIndex = 0; path = FindAMechanic.app; sourceTree = BUILT_PRODUCTS_DIR; };
		077141A22DBBBF950013FC1A /* FindAMechanicTests.xctest */ = {isa = PBXFileReference; explicitFileType = wrapper.cfbundle; includeInIndex = 0; path = FindAMechanicTests.xctest; sourceTree = BUILT_PRODUCTS_DIR; };
		077141AC2DBBBF950013FC1A /* FindAMechanicUITests.xctest */ = {isa = PBXFileReference; explicitFileType = wrapper.cfbundle; includeInIndex = 0; path = FindAMechanicUITests.xctest; sourceTree = BUILT_PRODUCTS_DIR; };
		077141FD2DBCFD120013FC1A /* README.md */ = {isa = PBXFileReference; lastKnownFileType = net.daringfireball.markdown; path = README.md; sourceTree = "<group>"; };
		09321C02AFB80CE15EF201B3 /* Pods-FindAMechanicTests.debug.xcconfig */ = {isa = PBXFileReference; includeInIndex = 1; lastKnownFileType = text.xcconfig; name = "Pods-FindAMechanicTests.debug.xcconfig"; path = "Target Support Files/Pods-FindAMechanicTests/Pods-FindAMechanicTests.debug.xcconfig"; sourceTree = "<group>"; };
		1344389DF70416F095EAC787 /* Pods-FindAMechanic-FindAMechanicUITests.debug.xcconfig */ = {isa = PBXFileReference; includeInIndex = 1; lastKnownFileType = text.xcconfig; name = "Pods-FindAMechanic-FindAMechanicUITests.debug.xcconfig"; path = "Target Support Files/Pods-FindAMechanic-FindAMechanicUITests/Pods-FindAMechanic-FindAMechanicUITests.debug.xcconfig"; sourceTree = "<group>"; };
		19479C18415408DF59E183FD /* Pods_FindAMechanic.framework */ = {isa = PBXFileReference; explicitFileType = wrapper.framework; includeInIndex = 0; path = Pods_FindAMechanic.framework; sourceTree = BUILT_PRODUCTS_DIR; };
		1B19BFC18BA582204C9457A1 /* Pods-FindAMechanicTests.release.xcconfig */ = {isa = PBXFileReference; includeInIndex = 1; lastKnownFileType = text.xcconfig; name = "Pods-FindAMechanicTests.release.xcconfig"; path = "Target Support Files/Pods-FindAMechanicTests/Pods-FindAMechanicTests.release.xcconfig"; sourceTree = "<group>"; };
		7AFB5FC122E98921244D45A1 /* Pods_FindAMechanicTests.framework */ = {isa = PBXFileReference; explicitFileType = wrapper.framework; includeInIndex = 0; path = Pods_FindAMechanicTests.framework; sourceTree = BUILT_PRODUCTS_DIR; };
		C6F4A5A8A810A80E47FAEF5F /* Pods-FindAMechanic.release.xcconfig */ = {isa = PBXFileReference; includeInIndex = 1; lastKnownFileType = text.xcconfig; name = "Pods-FindAMechanic.release.xcconfig"; path = "Target Support Files/Pods-FindAMechanic/Pods-FindAMechanic.release.xcconfig"; sourceTree = "<group>"; };
		D7A5E4A7979147D7BCC6EE32 /* Pods_FindAMechanic_FindAMechanicUITests.framework */ = {isa = PBXFileReference; explicitFileType = wrapper.framework; includeInIndex = 0; path = Pods_FindAMechanic_FindAMechanicUITests.framework; sourceTree = BUILT_PRODUCTS_DIR; };
		D885FFE6408833DF8225D85C /* Pods-FindAMechanic-FindAMechanicUITests.release.xcconfig */ = {isa = PBXFileReference; includeInIndex = 1; lastKnownFileType = text.xcconfig; name = "Pods-FindAMechanic-FindAMechanicUITests.release.xcconfig"; path = "Target Support Files/Pods-FindAMechanic-FindAMechanicUITests/Pods-FindAMechanic-FindAMechanicUITests.release.xcconfig"; sourceTree = "<group>"; };
		F31159BE0E3437C6EB7F85F6 /* Pods-FindAMechanic.debug.xcconfig */ = {isa = PBXFileReference; includeInIndex = 1; lastKnownFileType = text.xcconfig; name = "Pods-FindAMechanic.debug.xcconfig"; path = "Target Support Files/Pods-FindAMechanic/Pods-FindAMechanic.debug.xcconfig"; sourceTree = "<group>"; };
/* End PBXFileReference section */

/* Begin PBXFileSystemSynchronizedBuildFileExceptionSet section */
		07E1A1782DBF6CFF00CD744E /* Exceptions for "FindAMechanic" folder in "FindAMechanic" target */ = {
			isa = PBXFileSystemSynchronizedBuildFileExceptionSet;
			membershipExceptions = (
				Info.plist,
			);
			target = 0771418B2DBBBF920013FC1A /* FindAMechanic */;
		};
/* End PBXFileSystemSynchronizedBuildFileExceptionSet section */

/* Begin PBXFileSystemSynchronizedRootGroup section */
		0771418E2DBBBF920013FC1A /* FindAMechanic */ = {
			isa = PBXFileSystemSynchronizedRootGroup;
			exceptions = (
				07E1A1782DBF6CFF00CD744E /* Exceptions for "FindAMechanic" folder in "FindAMechanic" target */,
			);
			path = FindAMechanic;
			sourceTree = "<group>";
		};
		077141C32DBBC1650013FC1A /* ViewControllers */ = {
			isa = PBXFileSystemSynchronizedRootGroup;
			path = ViewControllers;
			sourceTree = "<group>";
		};
		077141D02DBBC2E90013FC1A /* Storyboards */ = {
			isa = PBXFileSystemSynchronizedRootGroup;
			path = Storyboards;
			sourceTree = "<group>";
		};
		077141D12DBBC2FC0013FC1A /* Models */ = {
			isa = PBXFileSystemSynchronizedRootGroup;
			path = Models;
			sourceTree = "<group>";
		};
		077141D52DBBC3190013FC1A /* Services */ = {
			isa = PBXFileSystemSynchronizedRootGroup;
			path = Services;
			sourceTree = "<group>";
		};
		077141D62DBBC3340013FC1A /* Utilities */ = {
			isa = PBXFileSystemSynchronizedRootGroup;
			path = Utilities;
			sourceTree = "<group>";
		};
		077141E92DBBC3A50013FC1A /* Resources */ = {
			isa = PBXFileSystemSynchronizedRootGroup;
			path = Resources;
			sourceTree = "<group>";
		};
/* End PBXFileSystemSynchronizedRootGroup section */

/* Begin PBXFrameworksBuildPhase section */
		077141892DBBBF920013FC1A /* Frameworks */ = {
			isa = PBXFrameworksBuildPhase;
			buildActionMask = 2147483647;
			files = (
				460F8104EB46E980AB1A246A /* Pods_FindAMechanic.framework in Frameworks */,
			);
			runOnlyForDeploymentPostprocessing = 0;
		};
		0771419F2DBBBF950013FC1A /* Frameworks */ = {
			isa = PBXFrameworksBuildPhase;
			buildActionMask = 2147483647;
			files = (
				4FD76874D95564FB6FFEFA91 /* Pods_FindAMechanicTests.framework in Frameworks */,
			);
			runOnlyForDeploymentPostprocessing = 0;
		};
		077141A92DBBBF950013FC1A /* Frameworks */ = {
			isa = PBXFrameworksBuildPhase;
			buildActionMask = 2147483647;
			files = (
				A8045BDC6305A24FD54E7320 /* Pods_FindAMechanic_FindAMechanicUITests.framework in Frameworks */,
			);
			runOnlyForDeploymentPostprocessing = 0;
		};
/* End PBXFrameworksBuildPhase section */

/* Begin PBXGroup section */
		077141832DBBBF920013FC1A = {
			isa = PBXGroup;
			children = (
				077141FD2DBCFD120013FC1A /* README.md */,
				077141E92DBBC3A50013FC1A /* Resources */,
				077141D62DBBC3340013FC1A /* Utilities */,
				077141D52DBBC3190013FC1A /* Services */,
				077141D12DBBC2FC0013FC1A /* Models */,
				077141D02DBBC2E90013FC1A /* Storyboards */,
				077141C32DBBC1650013FC1A /* ViewControllers */,
				0771418E2DBBBF920013FC1A /* FindAMechanic */,
				0771418D2DBBBF920013FC1A /* Products */,
				B1ABA3F1D8930AA227227311 /* Pods */,
				BD65B42579AA27711334226E /* Frameworks */,
			);
			sourceTree = "<group>";
		};
		0771418D2DBBBF920013FC1A /* Products */ = {
			isa = PBXGroup;
			children = (
				0771418C2DBBBF920013FC1A /* FindAMechanic.app */,
				077141A22DBBBF950013FC1A /* FindAMechanicTests.xctest */,
				077141AC2DBBBF950013FC1A /* FindAMechanicUITests.xctest */,
			);
			name = Products;
			sourceTree = "<group>";
		};
		B1ABA3F1D8930AA227227311 /* Pods */ = {
			isa = PBXGroup;
			children = (
				F31159BE0E3437C6EB7F85F6 /* Pods-FindAMechanic.debug.xcconfig */,
				C6F4A5A8A810A80E47FAEF5F /* Pods-FindAMechanic.release.xcconfig */,
				1344389DF70416F095EAC787 /* Pods-FindAMechanic-FindAMechanicUITests.debug.xcconfig */,
				D885FFE6408833DF8225D85C /* Pods-FindAMechanic-FindAMechanicUITests.release.xcconfig */,
				09321C02AFB80CE15EF201B3 /* Pods-FindAMechanicTests.debug.xcconfig */,
				1B19BFC18BA582204C9457A1 /* Pods-FindAMechanicTests.release.xcconfig */,
			);
			path = Pods;
			sourceTree = "<group>";
		};
		BD65B42579AA27711334226E /* Frameworks */ = {
			isa = PBXGroup;
			children = (
				19479C18415408DF59E183FD /* Pods_FindAMechanic.framework */,
				D7A5E4A7979147D7BCC6EE32 /* Pods_FindAMechanic_FindAMechanicUITests.framework */,
				7AFB5FC122E98921244D45A1 /* Pods_FindAMechanicTests.framework */,
			);
			name = Frameworks;
			sourceTree = "<group>";
		};
/* End PBXGroup section */

/* Begin PBXNativeTarget section */
		0771418B2DBBBF920013FC1A /* FindAMechanic */ = {
			isa = PBXNativeTarget;
			buildConfigurationList = 077141B52DBBBF950013FC1A /* Build configuration list for PBXNativeTarget "FindAMechanic" */;
			buildPhases = (
				38F17763D5070AA36DDC55AA /* [CP] Check Pods Manifest.lock */,
				077141882DBBBF920013FC1A /* Sources */,
				077141892DBBBF920013FC1A /* Frameworks */,
				0771418A2DBBBF920013FC1A /* Resources */,
				26E2FDA9360113E32A64FD21 /* [CP] Embed Pods Frameworks */,
			);
			buildRules = (
			);
			dependencies = (
			);
			fileSystemSynchronizedGroups = (
				0771418E2DBBBF920013FC1A /* FindAMechanic */,
				077141C32DBBC1650013FC1A /* ViewControllers */,
				077141D02DBBC2E90013FC1A /* Storyboards */,
				077141D12DBBC2FC0013FC1A /* Models */,
				077141D52DBBC3190013FC1A /* Services */,
				077141D62DBBC3340013FC1A /* Utilities */,
				077141E92DBBC3A50013FC1A /* Resources */,
			);
			name = FindAMechanic;
			productName = "Find a Mechanic";
			productReference = 0771418C2DBBBF920013FC1A /* FindAMechanic.app */;
			productType = "com.apple.product-type.application";
		};
		077141A12DBBBF950013FC1A /* FindAMechanicTests */ = {
			isa = PBXNativeTarget;
			buildConfigurationList = 077141BA2DBBBF950013FC1A /* Build configuration list for PBXNativeTarget "FindAMechanicTests" */;
			buildPhases = (
				04C58C5797500C25D60C16FE /* [CP] Check Pods Manifest.lock */,
				0771419E2DBBBF950013FC1A /* Sources */,
				0771419F2DBBBF950013FC1A /* Frameworks */,
				077141A02DBBBF950013FC1A /* Resources */,
			);
			buildRules = (
			);
			dependencies = (
				077141A42DBBBF950013FC1A /* PBXTargetDependency */,
			);
			name = FindAMechanicTests;
			productName = "Find a MechanicTests";
			productReference = 077141A22DBBBF950013FC1A /* FindAMechanicTests.xctest */;
			productType = "com.apple.product-type.bundle.unit-test";
		};
		077141AB2DBBBF950013FC1A /* FindAMechanicUITests */ = {
			isa = PBXNativeTarget;
			buildConfigurationList = 077141BD2DBBBF950013FC1A /* Build configuration list for PBXNativeTarget "FindAMechanicUITests" */;
			buildPhases = (
				E0BB3524A624CFF90BBC48EB /* [CP] Check Pods Manifest.lock */,
				077141A82DBBBF950013FC1A /* Sources */,
				077141A92DBBBF950013FC1A /* Frameworks */,
				077141AA2DBBBF950013FC1A /* Resources */,
				E8903CDFF914462852763AA6 /* [CP] Embed Pods Frameworks */,
			);
			buildRules = (
			);
			dependencies = (
				077141AE2DBBBF950013FC1A /* PBXTargetDependency */,
			);
			name = FindAMechanicUITests;
			productName = "Find a MechanicUITests";
			productReference = 077141AC2DBBBF950013FC1A /* FindAMechanicUITests.xctest */;
			productType = "com.apple.product-type.bundle.ui-testing";
		};
/* End PBXNativeTarget section */

/* Begin PBXProject section */
		077141842DBBBF920013FC1A /* Project object */ = {
			isa = PBXProject;
			attributes = {
				BuildIndependentTargetsInParallel = 1;
				LastSwiftUpdateCheck = 1620;
				LastUpgradeCheck = 1620;
				TargetAttributes = {
					0771418B2DBBBF920013FC1A = {
						CreatedOnToolsVersion = 16.2;
					};
					077141A12DBBBF950013FC1A = {
						CreatedOnToolsVersion = 16.2;
						TestTargetID = 0771418B2DBBBF920013FC1A;
					};
					077141AB2DBBBF950013FC1A = {
						CreatedOnToolsVersion = 16.2;
						TestTargetID = 0771418B2DBBBF920013FC1A;
					};
				};
			};
			buildConfigurationList = 077141872DBBBF920013FC1A /* Build configuration list for PBXProject "FindAMechanic" */;
			developmentRegion = en;
			hasScannedForEncodings = 0;
			knownRegions = (
				en,
				Base,
			);
			mainGroup = 077141832DBBBF920013FC1A;
			minimizedProjectReferenceProxies = 1;
			preferredProjectObjectVersion = 77;
			productRefGroup = 0771418D2DBBBF920013FC1A /* Products */;
			projectDirPath = "";
			projectRoot = "";
			targets = (
				0771418B2DBBBF920013FC1A /* FindAMechanic */,
				077141A12DBBBF950013FC1A /* FindAMechanicTests */,
				077141AB2DBBBF950013FC1A /* FindAMechanicUITests */,
			);
		};
/* End PBXProject section */

/* Begin PBXResourcesBuildPhase section */
		0771418A2DBBBF920013FC1A /* Resources */ = {
			isa = PBXResourcesBuildPhase;
			buildActionMask = 2147483647;
			files = (
				077141FE2DBCFD1A0013FC1A /* README.md in Resources */,
			);
			runOnlyForDeploymentPostprocessing = 0;
		};
		077141A02DBBBF950013FC1A /* Resources */ = {
			isa = PBXResourcesBuildPhase;
			buildActionMask = 2147483647;
			files = (
			);
			runOnlyForDeploymentPostprocessing = 0;
		};
		077141AA2DBBBF950013FC1A /* Resources */ = {
			isa = PBXResourcesBuildPhase;
			buildActionMask = 2147483647;
			files = (
			);
			runOnlyForDeploymentPostprocessing = 0;
		};
/* End PBXResourcesBuildPhase section */

/* Begin PBXShellScriptBuildPhase section */
		04C58C5797500C25D60C16FE /* [CP] Check Pods Manifest.lock */ = {
			isa = PBXShellScriptBuildPhase;
			buildActionMask = 2147483647;
			files = (
			);
			inputFileListPaths = (
			);
			inputPaths = (
				"${PODS_PODFILE_DIR_PATH}/Podfile.lock",
				"${PODS_ROOT}/Manifest.lock",
			);
			name = "[CP] Check Pods Manifest.lock";
			outputFileListPaths = (
			);
			outputPaths = (
				"$(DERIVED_FILE_DIR)/Pods-FindAMechanicTests-checkManifestLockResult.txt",
			);
			runOnlyForDeploymentPostprocessing = 0;
			shellPath = /bin/sh;
			shellScript = "diff \"${PODS_PODFILE_DIR_PATH}/Podfile.lock\" \"${PODS_ROOT}/Manifest.lock\" > /dev/null\nif [ $? != 0 ] ; then\n    # print error to STDERR\n    echo \"error: The sandbox is not in sync with the Podfile.lock. Run 'pod install' or update your CocoaPods installation.\" >&2\n    exit 1\nfi\n# This output is used by Xcode 'outputs' to avoid re-running this script phase.\necho \"SUCCESS\" > \"${SCRIPT_OUTPUT_FILE_0}\"\n";
			showEnvVarsInLog = 0;
		};
		26E2FDA9360113E32A64FD21 /* [CP] Embed Pods Frameworks */ = {
			isa = PBXShellScriptBuildPhase;
			buildActionMask = 12;
			files = (
			);
			inputFileListPaths = (
				"${PODS_ROOT}/Target Support Files/Pods-FindAMechanic/Pods-FindAMechanic-frameworks-${CONFIGURATION}-input-files.xcfilelist",
			);
			inputPaths = (
			);
			name = "[CP] Embed Pods Frameworks";
			outputFileListPaths = (
				"${PODS_ROOT}/Target Support Files/Pods-FindAMechanic/Pods-FindAMechanic-frameworks-${CONFIGURATION}-output-files.xcfilelist",
			);
			outputPaths = (
			);
			runOnlyForDeploymentPostprocessing = 0;
			shellPath = /bin/sh;
			shellScript = "\"${PODS_ROOT}/Target Support Files/Pods-FindAMechanic/Pods-FindAMechanic-frameworks.sh\"\n";
			showEnvVarsInLog = 0;
		};
		38F17763D5070AA36DDC55AA /* [CP] Check Pods Manifest.lock */ = {
			isa = PBXShellScriptBuildPhase;
			buildActionMask = 2147483647;
			files = (
			);
			inputFileListPaths = (
			);
			inputPaths = (
				"${PODS_PODFILE_DIR_PATH}/Podfile.lock",
				"${PODS_ROOT}/Manifest.lock",
			);
			name = "[CP] Check Pods Manifest.lock";
			outputFileListPaths = (
			);
			outputPaths = (
				"$(DERIVED_FILE_DIR)/Pods-FindAMechanic-checkManifestLockResult.txt",
			);
			runOnlyForDeploymentPostprocessing = 0;
			shellPath = /bin/sh;
			shellScript = "diff \"${PODS_PODFILE_DIR_PATH}/Podfile.lock\" \"${PODS_ROOT}/Manifest.lock\" > /dev/null\nif [ $? != 0 ] ; then\n    # print error to STDERR\n    echo \"error: The sandbox is not in sync with the Podfile.lock. Run 'pod install' or update your CocoaPods installation.\" >&2\n    exit 1\nfi\n# This output is used by Xcode 'outputs' to avoid re-running this script phase.\necho \"SUCCESS\" > \"${SCRIPT_OUTPUT_FILE_0}\"\n";
			showEnvVarsInLog = 0;
		};
		E0BB3524A624CFF90BBC48EB /* [CP] Check Pods Manifest.lock */ = {
			isa = PBXShellScriptBuildPhase;
			buildActionMask = 2147483647;
			files = (
			);
			inputFileListPaths = (
			);
			inputPaths = (
				"${PODS_PODFILE_DIR_PATH}/Podfile.lock",
				"${PODS_ROOT}/Manifest.lock",
			);
			name = "[CP] Check Pods Manifest.lock";
			outputFileListPaths = (
			);
			outputPaths = (
				"$(DERIVED_FILE_DIR)/Pods-FindAMechanic-FindAMechanicUITests-checkManifestLockResult.txt",
			);
			runOnlyForDeploymentPostprocessing = 0;
			shellPath = /bin/sh;
			shellScript = "diff \"${PODS_PODFILE_DIR_PATH}/Podfile.lock\" \"${PODS_ROOT}/Manifest.lock\" > /dev/null\nif [ $? != 0 ] ; then\n    # print error to STDERR\n    echo \"error: The sandbox is not in sync with the Podfile.lock. Run 'pod install' or update your CocoaPods installation.\" >&2\n    exit 1\nfi\n# This output is used by Xcode 'outputs' to avoid re-running this script phase.\necho \"SUCCESS\" > \"${SCRIPT_OUTPUT_FILE_0}\"\n";
			showEnvVarsInLog = 0;
		};
		E8903CDFF914462852763AA6 /* [CP] Embed Pods Frameworks */ = {
			isa = PBXShellScriptBuildPhase;
			buildActionMask = 2147483647;
			files = (
			);
			inputFileListPaths = (
				"${PODS_ROOT}/Target Support Files/Pods-FindAMechanic-FindAMechanicUITests/Pods-FindAMechanic-FindAMechanicUITests-frameworks-${CONFIGURATION}-input-files.xcfilelist",
			);
			inputPaths = (
			);
			name = "[CP] Embed Pods Frameworks";
			outputFileListPaths = (
				"${PODS_ROOT}/Target Support Files/Pods-FindAMechanic-FindAMechanicUITests/Pods-FindAMechanic-FindAMechanicUITests-frameworks-${CONFIGURATION}-output-files.xcfilelist",
			);
			outputPaths = (
			);
			runOnlyForDeploymentPostprocessing = 0;
			shellPath = /bin/sh;
			shellScript = "\"${PODS_ROOT}/Target Support Files/Pods-FindAMechanic-FindAMechanicUITests/Pods-FindAMechanic-FindAMechanicUITests-frameworks.sh\"\n";
			showEnvVarsInLog = 0;
		};
/* End PBXShellScriptBuildPhase section */

/* Begin PBXSourcesBuildPhase section */
		077141882DBBBF920013FC1A /* Sources */ = {
			isa = PBXSourcesBuildPhase;
			buildActionMask = 2147483647;
			files = (
			);
			runOnlyForDeploymentPostprocessing = 0;
		};
		0771419E2DBBBF950013FC1A /* Sources */ = {
			isa = PBXSourcesBuildPhase;
			buildActionMask = 2147483647;
			files = (
			);
			runOnlyForDeploymentPostprocessing = 0;
		};
		077141A82DBBBF950013FC1A /* Sources */ = {
			isa = PBXSourcesBuildPhase;
			buildActionMask = 2147483647;
			files = (
			);
			runOnlyForDeploymentPostprocessing = 0;
		};
/* End PBXSourcesBuildPhase section */

/* Begin PBXTargetDependency section */
		077141A42DBBBF950013FC1A /* PBXTargetDependency */ = {
			isa = PBXTargetDependency;
			target = 0771418B2DBBBF920013FC1A /* FindAMechanic */;
			targetProxy = 077141A32DBBBF950013FC1A /* PBXContainerItemProxy */;
		};
		077141AE2DBBBF950013FC1A /* PBXTargetDependency */ = {
			isa = PBXTargetDependency;
			target = 0771418B2DBBBF920013FC1A /* FindAMechanic */;
			targetProxy = 077141AD2DBBBF950013FC1A /* PBXContainerItemProxy */;
		};
/* End PBXTargetDependency section */

/* Begin XCBuildConfiguration section */
		077141B62DBBBF950013FC1A /* Debug */ = {
			isa = XCBuildConfiguration;
			baseConfigurationReference = F31159BE0E3437C6EB7F85F6 /* Pods-FindAMechanic.debug.xcconfig */;
			buildSettings = {
				ASSETCATALOG_COMPILER_APPICON_NAME = AppIcon;
				ASSETCATALOG_COMPILER_GLOBAL_ACCENT_COLOR_NAME = AccentColor;
				CODE_SIGN_STYLE = Automatic;
				CURRENT_PROJECT_VERSION = 1;
				DEVELOPMENT_TEAM = TQ7HJYRKZ7;
				ENABLE_USER_SCRIPT_SANDBOXING = NO;
				GENERATE_INFOPLIST_FILE = YES;
				INFOPLIST_FILE = FindAMechanic/Info.plist;
				INFOPLIST_KEY_UIApplicationSupportsIndirectInputEvents = YES;
				INFOPLIST_KEY_UILaunchStoryboardName = LaunchScreen;
				INFOPLIST_KEY_UIMainStoryboardFile = Main;
				INFOPLIST_KEY_UISupportedInterfaceOrientations_iPad = "UIInterfaceOrientationPortrait UIInterfaceOrientationPortraitUpsideDown UIInterfaceOrientationLandscapeLeft UIInterfaceOrientationLandscapeRight";
				INFOPLIST_KEY_UISupportedInterfaceOrientations_iPhone = "UIInterfaceOrientationPortrait UIInterfaceOrientationLandscapeLeft UIInterfaceOrientationLandscapeRight";
				IPHONEOS_DEPLOYMENT_TARGET = 15.6;
				LD_RUNPATH_SEARCH_PATHS = (
					"$(inherited)",
					"@executable_path/Frameworks",
				);
				MARKETING_VERSION = 1.0;
				PRODUCT_BUNDLE_IDENTIFIER = com.vemas.FindMechanic;
				PRODUCT_NAME = "$(TARGET_NAME)";
				SWIFT_EMIT_LOC_STRINGS = YES;
				SWIFT_VERSION = 5.0;
				TARGETED_DEVICE_FAMILY = "1,2";
			};
			name = Debug;
		};
		077141B72DBBBF950013FC1A /* Release */ = {
			isa = XCBuildConfiguration;
			baseConfigurationReference = C6F4A5A8A810A80E47FAEF5F /* Pods-FindAMechanic.release.xcconfig */;
			buildSettings = {
				ASSETCATALOG_COMPILER_APPICON_NAME = AppIcon;
				ASSETCATALOG_COMPILER_GLOBAL_ACCENT_COLOR_NAME = AccentColor;
				CODE_SIGN_STYLE = Automatic;
				CURRENT_PROJECT_VERSION = 1;
				DEVELOPMENT_TEAM = TQ7HJYRKZ7;
				ENABLE_USER_SCRIPT_SANDBOXING = NO;
				GENERATE_INFOPLIST_FILE = YES;
				INFOPLIST_FILE = FindAMechanic/Info.plist;
				INFOPLIST_KEY_UIApplicationSupportsIndirectInputEvents = YES;
				INFOPLIST_KEY_UILaunchStoryboardName = LaunchScreen;
				INFOPLIST_KEY_UIMainStoryboardFile = Main;
				INFOPLIST_KEY_UISupportedInterfaceOrientations_iPad = "UIInterfaceOrientationPortrait UIInterfaceOrientationPortraitUpsideDown UIInterfaceOrientationLandscapeLeft UIInterfaceOrientationLandscapeRight";
				INFOPLIST_KEY_UISupportedInterfaceOrientations_iPhone = "UIInterfaceOrientationPortrait UIInterfaceOrientationLandscapeLeft UIInterfaceOrientationLandscapeRight";
				IPHONEOS_DEPLOYMENT_TARGET = 15.6;
				LD_RUNPATH_SEARCH_PATHS = (
					"$(inherited)",
					"@executable_path/Frameworks",
				);
				MARKETING_VERSION = 1.0;
				PRODUCT_BUNDLE_IDENTIFIER = com.vemas.FindMechanic;
				PRODUCT_NAME = "$(TARGET_NAME)";
				SWIFT_EMIT_LOC_STRINGS = YES;
				SWIFT_VERSION = 5.0;
				TARGETED_DEVICE_FAMILY = "1,2";
			};
			name = Release;
		};
		077141B82DBBBF950013FC1A /* Debug */ = {
			isa = XCBuildConfiguration;
			buildSettings = {
				ALWAYS_SEARCH_USER_PATHS = NO;
				ASSETCATALOG_COMPILER_GENERATE_SWIFT_ASSET_SYMBOL_EXTENSIONS = YES;
				CLANG_ANALYZER_NONNULL = YES;
				CLANG_ANALYZER_NUMBER_OBJECT_CONVERSION = YES_AGGRESSIVE;
				CLANG_CXX_LANGUAGE_STANDARD = "gnu++20";
				CLANG_ENABLE_MODULES = YES;
				CLANG_ENABLE_OBJC_ARC = YES;
				CLANG_ENABLE_OBJC_WEAK = YES;
				CLANG_WARN_BLOCK_CAPTURE_AUTORELEASING = YES;
				CLANG_WARN_BOOL_CONVERSION = YES;
				CLANG_WARN_COMMA = YES;
				CLANG_WARN_CONSTANT_CONVERSION = YES;
				CLANG_WARN_DEPRECATED_OBJC_IMPLEMENTATIONS = YES;
				CLANG_WARN_DIRECT_OBJC_ISA_USAGE = YES_ERROR;
				CLANG_WARN_DOCUMENTATION_COMMENTS = YES;
				CLANG_WARN_EMPTY_BODY = YES;
				CLANG_WARN_ENUM_CONVERSION = YES;
				CLANG_WARN_INFINITE_RECURSION = YES;
				CLANG_WARN_INT_CONVERSION = YES;
				CLANG_WARN_NON_LITERAL_NULL_CONVERSION = YES;
				CLANG_WARN_OBJC_IMPLICIT_RETAIN_SELF = YES;
				CLANG_WARN_OBJC_LITERAL_CONVERSION = YES;
				CLANG_WARN_OBJC_ROOT_CLASS = YES_ERROR;
				CLANG_WARN_QUOTED_INCLUDE_IN_FRAMEWORK_HEADER = YES;
				CLANG_WARN_RANGE_LOOP_ANALYSIS = YES;
				CLANG_WARN_STRICT_PROTOTYPES = YES;
				CLANG_WARN_SUSPICIOUS_MOVE = YES;
				CLANG_WARN_UNGUARDED_AVAILABILITY = YES_AGGRESSIVE;
				CLANG_WARN_UNREACHABLE_CODE = YES;
				CLANG_WARN__DUPLICATE_METHOD_MATCH = YES;
				COPY_PHASE_STRIP = NO;
				DEBUG_INFORMATION_FORMAT = dwarf;
				ENABLE_STRICT_OBJC_MSGSEND = YES;
				ENABLE_TESTABILITY = YES;
				ENABLE_USER_SCRIPT_SANDBOXING = YES;
				GCC_C_LANGUAGE_STANDARD = gnu17;
				GCC_DYNAMIC_NO_PIC = NO;
				GCC_NO_COMMON_BLOCKS = YES;
				GCC_OPTIMIZATION_LEVEL = 0;
				GCC_PREPROCESSOR_DEFINITIONS = (
					"DEBUG=1",
					"$(inherited)",
				);
				GCC_WARN_64_TO_32_BIT_CONVERSION = YES;
				GCC_WARN_ABOUT_RETURN_TYPE = YES_ERROR;
				GCC_WARN_UNDECLARED_SELECTOR = YES;
				GCC_WARN_UNINITIALIZED_AUTOS = YES_AGGRESSIVE;
				GCC_WARN_UNUSED_FUNCTION = YES;
				GCC_WARN_UNUSED_VARIABLE = YES;
				IPHONEOS_DEPLOYMENT_TARGET = 18.2;
				LOCALIZATION_PREFERS_STRING_CATALOGS = YES;
				MTL_ENABLE_DEBUG_INFO = INCLUDE_SOURCE;
				MTL_FAST_MATH = YES;
				ONLY_ACTIVE_ARCH = YES;
				SDKROOT = iphoneos;
				SWIFT_ACTIVE_COMPILATION_CONDITIONS = "DEBUG $(inherited)";
				SWIFT_OPTIMIZATION_LEVEL = "-Onone";
			};
			name = Debug;
		};
		077141B92DBBBF950013FC1A /* Release */ = {
			isa = XCBuildConfiguration;
			buildSettings = {
				ALWAYS_SEARCH_USER_PATHS = NO;
				ASSETCATALOG_COMPILER_GENERATE_SWIFT_ASSET_SYMBOL_EXTENSIONS = YES;
				CLANG_ANALYZER_NONNULL = YES;
				CLANG_ANALYZER_NUMBER_OBJECT_CONVERSION = YES_AGGRESSIVE;
				CLANG_CXX_LANGUAGE_STANDARD = "gnu++20";
				CLANG_ENABLE_MODULES = YES;
				CLANG_ENABLE_OBJC_ARC = YES;
				CLANG_ENABLE_OBJC_WEAK = YES;
				CLANG_WARN_BLOCK_CAPTURE_AUTORELEASING = YES;
				CLANG_WARN_BOOL_CONVERSION = YES;
				CLANG_WARN_COMMA = YES;
				CLANG_WARN_CONSTANT_CONVERSION = YES;
				CLANG_WARN_DEPRECATED_OBJC_IMPLEMENTATIONS = YES;
				CLANG_WARN_DIRECT_OBJC_ISA_USAGE = YES_ERROR;
				CLANG_WARN_DOCUMENTATION_COMMENTS = YES;
				CLANG_WARN_EMPTY_BODY = YES;
				CLANG_WARN_ENUM_CONVERSION = YES;
				CLANG_WARN_INFINITE_RECURSION = YES;
				CLANG_WARN_INT_CONVERSION = YES;
				CLANG_WARN_NON_LITERAL_NULL_CONVERSION = YES;
				CLANG_WARN_OBJC_IMPLICIT_RETAIN_SELF = YES;
				CLANG_WARN_OBJC_LITERAL_CONVERSION = YES;
				CLANG_WARN_OBJC_ROOT_CLASS = YES_ERROR;
				CLANG_WARN_QUOTED_INCLUDE_IN_FRAMEWORK_HEADER = YES;
				CLANG_WARN_RANGE_LOOP_ANALYSIS = YES;
				CLANG_WARN_STRICT_PROTOTYPES = YES;
				CLANG_WARN_SUSPICIOUS_MOVE = YES;
				CLANG_WARN_UNGUARDED_AVAILABILITY = YES_AGGRESSIVE;
				CLANG_WARN_UNREACHABLE_CODE = YES;
				CLANG_WARN__DUPLICATE_METHOD_MATCH = YES;
				COPY_PHASE_STRIP = NO;
				DEBUG_INFORMATION_FORMAT = "dwarf-with-dsym";
				ENABLE_NS_ASSERTIONS = NO;
				ENABLE_STRICT_OBJC_MSGSEND = YES;
				ENABLE_USER_SCRIPT_SANDBOXING = YES;
				GCC_C_LANGUAGE_STANDARD = gnu17;
				GCC_NO_COMMON_BLOCKS = YES;
				GCC_WARN_64_TO_32_BIT_CONVERSION = YES;
				GCC_WARN_ABOUT_RETURN_TYPE = YES_ERROR;
				GCC_WARN_UNDECLARED_SELECTOR = YES;
				GCC_WARN_UNINITIALIZED_AUTOS = YES_AGGRESSIVE;
				GCC_WARN_UNUSED_FUNCTION = YES;
				GCC_WARN_UNUSED_VARIABLE = YES;
				IPHONEOS_DEPLOYMENT_TARGET = 18.2;
				LOCALIZATION_PREFERS_STRING_CATALOGS = YES;
				MTL_ENABLE_DEBUG_INFO = NO;
				MTL_FAST_MATH = YES;
				SDKROOT = iphoneos;
				SWIFT_COMPILATION_MODE = wholemodule;
				VALIDATE_PRODUCT = YES;
			};
			name = Release;
		};
		077141BB2DBBBF950013FC1A /* Debug */ = {
			isa = XCBuildConfiguration;
			baseConfigurationReference = 09321C02AFB80CE15EF201B3 /* Pods-FindAMechanicTests.debug.xcconfig */;
			buildSettings = {
				BUNDLE_LOADER = "$(TEST_HOST)";
				CODE_SIGN_STYLE = Automatic;
				CURRENT_PROJECT_VERSION = 1;
				DEVELOPMENT_TEAM = TQ7HJYRKZ7;
				GENERATE_INFOPLIST_FILE = YES;
				IPHONEOS_DEPLOYMENT_TARGET = 18.2;
				MARKETING_VERSION = 1.0;
				PRODUCT_BUNDLE_IDENTIFIER = "com.vemas.Find-a-MechanicTests";
				PRODUCT_NAME = "$(TARGET_NAME)";
				SWIFT_EMIT_LOC_STRINGS = NO;
				SWIFT_VERSION = 5.0;
				TARGETED_DEVICE_FAMILY = "1,2";
				TEST_HOST = "$(BUILT_PRODUCTS_DIR)/FindAMechanic.app/$(BUNDLE_EXECUTABLE_FOLDER_PATH)/FindAMechanic";
			};
			name = Debug;
		};
		077141BC2DBBBF950013FC1A /* Release */ = {
			isa = XCBuildConfiguration;
			baseConfigurationReference = 1B19BFC18BA582204C9457A1 /* Pods-FindAMechanicTests.release.xcconfig */;
			buildSettings = {
				BUNDLE_LOADER = "$(TEST_HOST)";
				CODE_SIGN_STYLE = Automatic;
				CURRENT_PROJECT_VERSION = 1;
				DEVELOPMENT_TEAM = TQ7HJYRKZ7;
				GENERATE_INFOPLIST_FILE = YES;
				IPHONEOS_DEPLOYMENT_TARGET = 18.2;
				MARKETING_VERSION = 1.0;
				PRODUCT_BUNDLE_IDENTIFIER = "com.vemas.Find-a-MechanicTests";
				PRODUCT_NAME = "$(TARGET_NAME)";
				SWIFT_EMIT_LOC_STRINGS = NO;
				SWIFT_VERSION = 5.0;
				TARGETED_DEVICE_FAMILY = "1,2";
				TEST_HOST = "$(BUILT_PRODUCTS_DIR)/FindAMechanic.app/$(BUNDLE_EXECUTABLE_FOLDER_PATH)/FindAMechanic";
			};
			name = Release;
		};
		077141BE2DBBBF950013FC1A /* Debug */ = {
			isa = XCBuildConfiguration;
			baseConfigurationReference = 1344389DF70416F095EAC787 /* Pods-FindAMechanic-FindAMechanicUITests.debug.xcconfig */;
			buildSettings = {
				CODE_SIGN_STYLE = Automatic;
				CURRENT_PROJECT_VERSION = 1;
				DEVELOPMENT_TEAM = TQ7HJYRKZ7;
				GENERATE_INFOPLIST_FILE = YES;
				MARKETING_VERSION = 1.0;
				PRODUCT_BUNDLE_IDENTIFIER = "com.vemas.Find-a-MechanicUITests";
				PRODUCT_NAME = "$(TARGET_NAME)";
				SWIFT_EMIT_LOC_STRINGS = NO;
				SWIFT_VERSION = 5.0;
				TARGETED_DEVICE_FAMILY = "1,2";
				TEST_TARGET_NAME = "Find a Mechanic";
			};
			name = Debug;
		};
		077141BF2DBBBF950013FC1A /* Release */ = {
			isa = XCBuildConfiguration;
			baseConfigurationReference = D885FFE6408833DF8225D85C /* Pods-FindAMechanic-FindAMechanicUITests.release.xcconfig */;
			buildSettings = {
				CODE_SIGN_STYLE = Automatic;
				CURRENT_PROJECT_VERSION = 1;
				DEVELOPMENT_TEAM = TQ7HJYRKZ7;
				GENERATE_INFOPLIST_FILE = YES;
				MARKETING_VERSION = 1.0;
				PRODUCT_BUNDLE_IDENTIFIER = "com.vemas.Find-a-MechanicUITests";
				PRODUCT_NAME = "$(TARGET_NAME)";
				SWIFT_EMIT_LOC_STRINGS = NO;
				SWIFT_VERSION = 5.0;
				TARGETED_DEVICE_FAMILY = "1,2";
				TEST_TARGET_NAME = "Find a Mechanic";
			};
			name = Release;
		};
/* End XCBuildConfiguration section */

/* Begin XCConfigurationList section */
		077141872DBBBF920013FC1A /* Build configuration list for PBXProject "FindAMechanic" */ = {
			isa = XCConfigurationList;
			buildConfigurations = (
				077141B82DBBBF950013FC1A /* Debug */,
				077141B92DBBBF950013FC1A /* Release */,
			);
			defaultConfigurationIsVisible = 0;
			defaultConfigurationName = Release;
		};
		077141B52DBBBF950013FC1A /* Build configuration list for PBXNativeTarget "FindAMechanic" */ = {
			isa = XCConfigurationList;
			buildConfigurations = (
				077141B62DBBBF950013FC1A /* Debug */,
				077141B72DBBBF950013FC1A /* Release */,
			);
			defaultConfigurationIsVisible = 0;
			defaultConfigurationName = Release;
		};
		077141BA2DBBBF950013FC1A /* Build configuration list for PBXNativeTarget "FindAMechanicTests" */ = {
			isa = XCConfigurationList;
			buildConfigurations = (
				077141BB2DBBBF950013FC1A /* Debug */,
				077141BC2DBBBF950013FC1A /* Release */,
			);
			defaultConfigurationIsVisible = 0;
			defaultConfigurationName = Release;
		};
		077141BD2DBBBF950013FC1A /* Build configuration list for PBXNativeTarget "FindAMechanicUITests" */ = {
			isa = XCConfigurationList;
			buildConfigurations = (
				077141BE2DBBBF950013FC1A /* Debug */,
				077141BF2DBBBF950013FC1A /* Release */,
			);
			defaultConfigurationIsVisible = 0;
			defaultConfigurationName = Release;
		};
/* End XCConfigurationList section */
	};
	rootObject = 077141842DBBBF920013FC1A /* Project object */;
}
